{
  "name": "docx-parser",
  "version": "1.0.0",
  "lockfileVersion": 2,
  "requires": true,
  "packages": {
    "": {
      "name": "docx-parser",
      "version": "1.0.0",
      "license": "ISC",
      "dependencies": {
        "ruslat": "^1.0.0"
      }
    },
    "node_modules/ruslat": {
      "version": "1.0.0",
      "resolved": "https://registry.npmjs.org/ruslat/-/ruslat-1.0.0.tgz",
      "integrity": "sha512-DA0Go5VmXyqRtOMlg967RNta1a/Qcb2UTO5KgJPCUNUzkd687A1/sa6AJ+eJBGmsLFyK5KSKJBSrCJiE8msF4g=="
    }
  },
  "dependencies": {
    "ruslat": {
      "version": "1.0.0",
      "resolved": "https://registry.npmjs.org/ruslat/-/ruslat-1.0.0.tgz",
      "integrity": "sha512-DA0Go5VmXyqRtOMlg967RNta1a/Qcb2UTO5KgJPCUNUzkd687A1/sa6AJ+eJBGmsLFyK5KSKJBSrCJiE8msF4g=="
    }
  }
}
